
Microsoft Visual Studio Solution File, Format Version 12.00
# Visual Studio Version 16
VisualStudioVersion = 16.0.34114.132
MinimumVisualStudioVersion = 10.0.40219.1
Project("{FAE04EC0-301F-11D3-BF4B-00C04F79EFBC}") = "WebFormsApp", "WebFormsApp\WebFormsApp.csproj", "{C5875CE0-175C-4C28-8D07-B598483A20DB}"
EndProject
Project("{FAE04EC0-301F-11D3-BF4B-00C04F79EFBC}") = "MiInventario.BLL", "MiInventario.BLL\MiInventario.BLL.csproj", "{436E3C45-661E-4DAF-A905-91E6017FBB3D}"
EndProject
Project("{FAE04EC0-301F-11D3-BF4B-00C04F79EFBC}") = "MiInventario.DAL", "MiInventario.DAL\MiInventario.DAL.csproj", "{7518A9CF-53EE-4201-B8EE-C89D3B2D30BE}"
EndProject
Global
	GlobalSection(SolutionConfigurationPlatforms) = preSolution
		Debug|Any CPU = Debug|Any CPU
		Release|Any CPU = Release|Any CPU
	EndGlobalSection
	GlobalSection(ProjectConfigurationPlatforms) = postSolution
		{C5875CE0-175C-4C28-8D07-B598483A20DB}.Debug|Any CPU.ActiveCfg = Debug|Any CPU
		{C5875CE0-175C-4C28-8D07-B598483A20DB}.Debug|Any CPU.Build.0 = Debug|Any CPU
		{C5875CE0-175C-4C28-8D07-B598483A20DB}.Release|Any CPU.ActiveCfg = Release|Any CPU
		{C5875CE0-175C-4C28-8D07-B598483A20DB}.Release|Any CPU.Build.0 = Release|Any CPU
		{436E3C45-661E-4DAF-A905-91E6017FBB3D}.Debug|Any CPU.ActiveCfg = Debug|Any CPU
		{436E3C45-661E-4DAF-A905-91E6017FBB3D}.Debug|Any CPU.Build.0 = Debug|Any CPU
		{436E3C45-661E-4DAF-A905-91E6017FBB3D}.Release|Any CPU.ActiveCfg = Release|Any CPU
		{436E3C45-661E-4DAF-A905-91E6017FBB3D}.Release|Any CPU.Build.0 = Release|Any CPU
		{7518A9CF-53EE-4201-B8EE-C89D3B2D30BE}.Debug|Any CPU.ActiveCfg = Debug|Any CPU
		{7518A9CF-53EE-4201-B8EE-C89D3B2D30BE}.Debug|Any CPU.Build.0 = Debug|Any CPU
		{7518A9CF-53EE-4201-B8EE-C89D3B2D30BE}.Release|Any CPU.ActiveCfg = Release|Any CPU
		{7518A9CF-53EE-4201-B8EE-C89D3B2D30BE}.Release|Any CPU.Build.0 = Release|Any CPU
	EndGlobalSection
	GlobalSection(SolutionProperties) = preSolution
		HideSolutionNode = FALSE
	EndGlobalSection
	GlobalSection(ExtensibilityGlobals) = postSolution
		SolutionGuid = {52B4F39C-DAB5-4162-A1F1-BD11F90FDE90}
	EndGlobalSection
EndGlobal
